{
    "_readme": [
        "This file locks the dependencies of your project to a known state",
        "Read more about it at https://getcomposer.org/doc/01-basic-usage.md#installing-dependencies",
        "This file is @generated automatically"
    ],
    "content-hash": "bd7ae5f74434212a74a3d9c24ce89435",
    "packages": [
        {
            "name": "danzera/composer-basic",
            "version": "dev-master",
            "source": {
                "type": "git",
                "url": "https://github.com/danzera/composer-basic.git",
                "reference": "efd7a0a8667a9a180f3fffc6ff0564e798483690"
            },
            "dist": {
                "type": "zip",
                "url": "https://api.github.com/repos/danzera/composer-basic/zipball/efd7a0a8667a9a180f3fffc6ff0564e798483690",
                "reference": "efd7a0a8667a9a180f3fffc6ff0564e798483690",
                "shasum": ""
            },
            "require": {
                "monolog/monolog": "1.0.*"
            },
            "type": "library",
            "support": {
                "source": "https://github.com/danzera/composer-basic/tree/master",
                "issues": "https://github.com/danzera/composer-basic/issues"
            },
            "time": "2020-05-16T01:28:14+00:00"
        },
        {
            "name": "monolog/monolog",
            "version": "1.0.2",
            "source": {
                "type": "git",
                "url": "https://github.com/Seldaek/monolog.git",
                "reference": "b704c49a3051536f67f2d39f13568f74615b9922"
            },
            "dist": {
                "type": "zip",
                "url": "https://api.github.com/repos/Seldaek/monolog/zipball/b704c49a3051536f67f2d39f13568f74615b9922",
                "reference": "b704c49a3051536f67f2d39f13568f74615b9922",
                "shasum": ""
            },
            "require": {
                "php": ">=5.3.0"
            },
            "type": "library",
            "autoload": {
                "psr-0": {
                    "Monolog": "src/"
                }
            },
            "notification-url": "https://packagist.org/downloads/",
            "license": [
                "MIT"
            ],
            "authors": [
                {
                    "name": "Jordi Boggiano",
                    "email": "j.boggiano@seld.be",
                    "homepage": "http://seld.be",
                    "role": "Developer"
                }
            ],
            "description": "Logging for PHP 5.3",
            "homepage": "http://github.com/Seldaek/monolog",
            "keywords": [
                "log",
                "logging"
            ],
            "time": "2011-10-24T09:39:02+00:00"
        }
    ],
    "packages-dev": [],
    "aliases": [],
    "minimum-stability": "stable",
    "stability-flags": {
        "danzera/composer-basic": 20
    },
    "prefer-stable": false,
    "prefer-lowest": false,
    "platform": [],
    "platform-dev": [],
    "plugin-api-version": "1.1.0"
}
